
Microsoft Visual Studio Solution File, Format Version 12.00
# Visual Studio Version 17
VisualStudioVersion = 17.9.34723.18
MinimumVisualStudioVersion = 10.0.40219.1
Project("{FAE04EC0-301F-11D3-BF4B-00C04F79EFBC}") = "Progam-My-Task-2.0", "Progam-My-Task-2.0.csproj", "{236F9FC0-74DF-4D17-B052-08DBCCFF0B44}"
EndProject
Global
	GlobalSection(SolutionConfigurationPlatforms) = preSolution
		Debug|Any CPU = Debug|Any CPU
		Release|Any CPU = Release|Any CPU
	EndGlobalSection
	GlobalSection(ProjectConfigurationPlatforms) = postSolution
		{236F9FC0-74DF-4D17-B052-08DBCCFF0B44}.Debug|Any CPU.ActiveCfg = Debug|Any CPU
		{236F9FC0-74DF-4D17-B052-08DBCCFF0B44}.Debug|Any CPU.Build.0 = Debug|Any CPU
		{236F9FC0-74DF-4D17-B052-08DBCCFF0B44}.Release|Any CPU.ActiveCfg = Release|Any CPU
		{236F9FC0-74DF-4D17-B052-08DBCCFF0B44}.Release|Any CPU.Build.0 = Release|Any CPU
	EndGlobalSection
	GlobalSection(SolutionProperties) = preSolution
		HideSolutionNode = FALSE
	EndGlobalSection
	GlobalSection(ExtensibilityGlobals) = postSolution
		SolutionGuid = {C827C10F-7C2C-412A-9A38-4F494AA247BA}
	EndGlobalSection
EndGlobal
